
Microsoft Visual Studio Solution File, Format Version 12.00
# Visual Studio Version 17
VisualStudioVersion = 17.5.33502.453
MinimumVisualStudioVersion = 10.0.40219.1
Project("{FAE04EC0-301F-11D3-BF4B-00C04F79EFBC}") = "Demo", "Demo\Demo.csproj", "{8BD177B4-6B25-4C75-89B9-2E9D3CC9E590}"
EndProject
Global
	GlobalSection(SolutionConfigurationPlatforms) = preSolution
		Debug|Any CPU = Debug|Any CPU
		Release|Any CPU = Release|Any CPU
	EndGlobalSection
	GlobalSection(ProjectConfigurationPlatforms) = postSolution
		{8BD177B4-6B25-4C75-89B9-2E9D3CC9E590}.Debug|Any CPU.ActiveCfg = Debug|Any CPU
		{8BD177B4-6B25-4C75-89B9-2E9D3CC9E590}.Debug|Any CPU.Build.0 = Debug|Any CPU
		{8BD177B4-6B25-4C75-89B9-2E9D3CC9E590}.Release|Any CPU.ActiveCfg = Release|Any CPU
		{8BD177B4-6B25-4C75-89B9-2E9D3CC9E590}.Release|Any CPU.Build.0 = Release|Any CPU
	EndGlobalSection
	GlobalSection(SolutionProperties) = preSolution
		HideSolutionNode = FALSE
	EndGlobalSection
	GlobalSection(ExtensibilityGlobals) = postSolution
		SolutionGuid = {D8E48A7A-A3C4-497D-BBB0-E3756131CBE1}
	EndGlobalSection
EndGlobal
