
Microsoft Visual Studio Solution File, Format Version 12.00
# Visual Studio Version 17
VisualStudioVersion = 17.5.33516.290
MinimumVisualStudioVersion = 10.0.40219.1
Project("{FAE04EC0-301F-11D3-BF4B-00C04F79EFBC}") = "WindowsFormsApp1", "WindowsFormsApp1\WindowsFormsApp1.csproj", "{268FDC55-7294-4FD6-8548-C6D6B8343661}"
EndProject
Global
	GlobalSection(SolutionConfigurationPlatforms) = preSolution
		Debug|Any CPU = Debug|Any CPU
		Release|Any CPU = Release|Any CPU
	EndGlobalSection
	GlobalSection(ProjectConfigurationPlatforms) = postSolution
		{268FDC55-7294-4FD6-8548-C6D6B8343661}.Debug|Any CPU.ActiveCfg = Debug|Any CPU
		{268FDC55-7294-4FD6-8548-C6D6B8343661}.Debug|Any CPU.Build.0 = Debug|Any CPU
		{268FDC55-7294-4FD6-8548-C6D6B8343661}.Release|Any CPU.ActiveCfg = Release|Any CPU
		{268FDC55-7294-4FD6-8548-C6D6B8343661}.Release|Any CPU.Build.0 = Release|Any CPU
	EndGlobalSection
	GlobalSection(SolutionProperties) = preSolution
		HideSolutionNode = FALSE
	EndGlobalSection
	GlobalSection(ExtensibilityGlobals) = postSolution
		SolutionGuid = {3D797A6F-C0A5-4EC2-A94A-86AD0058DF51}
	EndGlobalSection
EndGlobal
