
Microsoft Visual Studio Solution File, Format Version 12.00
# Visual Studio Version 17
VisualStudioVersion = 17.4.33403.182
MinimumVisualStudioVersion = 10.0.40219.1
Project("{FAE04EC0-301F-11D3-BF4B-00C04F79EFBC}") = "ExeclDemo", "ExeclDemo\ExeclDemo.csproj", "{E4BB2313-4232-44E3-A91C-F84EBA29FF64}"
EndProject
Global
	GlobalSection(SolutionConfigurationPlatforms) = preSolution
		Debug|Any CPU = Debug|Any CPU
		Release|Any CPU = Release|Any CPU
	EndGlobalSection
	GlobalSection(ProjectConfigurationPlatforms) = postSolution
		{E4BB2313-4232-44E3-A91C-F84EBA29FF64}.Debug|Any CPU.ActiveCfg = Debug|Any CPU
		{E4BB2313-4232-44E3-A91C-F84EBA29FF64}.Debug|Any CPU.Build.0 = Debug|Any CPU
		{E4BB2313-4232-44E3-A91C-F84EBA29FF64}.Release|Any CPU.ActiveCfg = Release|Any CPU
		{E4BB2313-4232-44E3-A91C-F84EBA29FF64}.Release|Any CPU.Build.0 = Release|Any CPU
	EndGlobalSection
	GlobalSection(SolutionProperties) = preSolution
		HideSolutionNode = FALSE
	EndGlobalSection
	GlobalSection(ExtensibilityGlobals) = postSolution
		SolutionGuid = {8986C8B3-DE44-4DF8-8671-D0833BF43A26}
	EndGlobalSection
EndGlobal
