
Microsoft Visual Studio Solution File, Format Version 12.00
# Visual Studio Version 17
VisualStudioVersion = 17.4.33403.182
MinimumVisualStudioVersion = 10.0.40219.1
Project("{FAE04EC0-301F-11D3-BF4B-00C04F79EFBC}") = "FrmZJ_NB_RXJXCCPKGL", "FrmZJ_NB_RXJXCCPKGL\FrmZJ_NB_RXJXCCPKGL.csproj", "{4501FE55-344A-46CB-B807-CC712EE83831}"
EndProject
Global
	GlobalSection(SolutionConfigurationPlatforms) = preSolution
		Debug|Any CPU = Debug|Any CPU
		Release|Any CPU = Release|Any CPU
	EndGlobalSection
	GlobalSection(ProjectConfigurationPlatforms) = postSolution
		{4501FE55-344A-46CB-B807-CC712EE83831}.Debug|Any CPU.ActiveCfg = Debug|Any CPU
		{4501FE55-344A-46CB-B807-CC712EE83831}.Debug|Any CPU.Build.0 = Debug|Any CPU
		{4501FE55-344A-46CB-B807-CC712EE83831}.Release|Any CPU.ActiveCfg = Release|Any CPU
		{4501FE55-344A-46CB-B807-CC712EE83831}.Release|Any CPU.Build.0 = Release|Any CPU
	EndGlobalSection
	GlobalSection(SolutionProperties) = preSolution
		HideSolutionNode = FALSE
	EndGlobalSection
	GlobalSection(ExtensibilityGlobals) = postSolution
		SolutionGuid = {1131D53E-2F53-4C42-942B-7451A9C89BFA}
	EndGlobalSection
EndGlobal
